
Microsoft Visual Studio Solution File, Format Version 12.00
# Visual Studio Version 16
VisualStudioVersion = 16.0.30611.23
MinimumVisualStudioVersion = 10.0.40219.1
Project("{FAE04EC0-301F-11D3-BF4B-00C04F79EFBC}") = "pizzastore", "pizzastore\pizzastore.csproj", "{7F90C19A-E5D9-4CFE-B6D5-26C6A0EFEAD9}"
EndProject
Global
	GlobalSection(SolutionConfigurationPlatforms) = preSolution
		Debug|Any CPU = Debug|Any CPU
		Release|Any CPU = Release|Any CPU
	EndGlobalSection
	GlobalSection(ProjectConfigurationPlatforms) = postSolution
		{7F90C19A-E5D9-4CFE-B6D5-26C6A0EFEAD9}.Debug|Any CPU.ActiveCfg = Debug|Any CPU
		{7F90C19A-E5D9-4CFE-B6D5-26C6A0EFEAD9}.Debug|Any CPU.Build.0 = Debug|Any CPU
		{7F90C19A-E5D9-4CFE-B6D5-26C6A0EFEAD9}.Release|Any CPU.ActiveCfg = Release|Any CPU
		{7F90C19A-E5D9-4CFE-B6D5-26C6A0EFEAD9}.Release|Any CPU.Build.0 = Release|Any CPU
	EndGlobalSection
	GlobalSection(SolutionProperties) = preSolution
		HideSolutionNode = FALSE
	EndGlobalSection
	GlobalSection(ExtensibilityGlobals) = postSolution
		SolutionGuid = {1309FA83-E701-46F5-B965-C1515F5F32B2}
	EndGlobalSection
EndGlobal
